
Microsoft Visual Studio Solution File, Format Version 12.00
# Visual Studio Version 16
VisualStudioVersion = 16.0.31624.102
MinimumVisualStudioVersion = 10.0.40219.1
Project("{FAE04EC0-301F-11D3-BF4B-00C04F79EFBC}") = "ISTQB-QA", "ISTQB-QA\ISTQB-QA.csproj", "{25EAC957-2AB7-401D-B32B-4D4C304A0885}"
EndProject
Global
	GlobalSection(SolutionConfigurationPlatforms) = preSolution
		Debug|Any CPU = Debug|Any CPU
		Release|Any CPU = Release|Any CPU
	EndGlobalSection
	GlobalSection(ProjectConfigurationPlatforms) = postSolution
		{25EAC957-2AB7-401D-B32B-4D4C304A0885}.Debug|Any CPU.ActiveCfg = Debug|Any CPU
		{25EAC957-2AB7-401D-B32B-4D4C304A0885}.Debug|Any CPU.Build.0 = Debug|Any CPU
		{25EAC957-2AB7-401D-B32B-4D4C304A0885}.Release|Any CPU.ActiveCfg = Release|Any CPU
		{25EAC957-2AB7-401D-B32B-4D4C304A0885}.Release|Any CPU.Build.0 = Release|Any CPU
	EndGlobalSection
	GlobalSection(SolutionProperties) = preSolution
		HideSolutionNode = FALSE
	EndGlobalSection
	GlobalSection(ExtensibilityGlobals) = postSolution
		SolutionGuid = {FD24669F-F489-4805-962A-BA5B67F07D16}
	EndGlobalSection
EndGlobal
